
Microsoft Visual Studio Solution File, Format Version 12.00
# Visual Studio Version 16
VisualStudioVersion = 16.0.32630.194
MinimumVisualStudioVersion = 10.0.40219.1
Project("{FAE04EC0-301F-11D3-BF4B-00C04F79EFBC}") = "Task_1", "Task_1\Task_1.csproj", "{766E5762-5277-4856-B77C-9E8B06BAB596}"
EndProject
Global
	GlobalSection(SolutionConfigurationPlatforms) = preSolution
		Debug|Any CPU = Debug|Any CPU
		Release|Any CPU = Release|Any CPU
	EndGlobalSection
	GlobalSection(ProjectConfigurationPlatforms) = postSolution
		{766E5762-5277-4856-B77C-9E8B06BAB596}.Debug|Any CPU.ActiveCfg = Debug|Any CPU
		{766E5762-5277-4856-B77C-9E8B06BAB596}.Debug|Any CPU.Build.0 = Debug|Any CPU
		{766E5762-5277-4856-B77C-9E8B06BAB596}.Release|Any CPU.ActiveCfg = Release|Any CPU
		{766E5762-5277-4856-B77C-9E8B06BAB596}.Release|Any CPU.Build.0 = Release|Any CPU
	EndGlobalSection
	GlobalSection(SolutionProperties) = preSolution
		HideSolutionNode = FALSE
	EndGlobalSection
	GlobalSection(ExtensibilityGlobals) = postSolution
		SolutionGuid = {6588EB64-969A-4868-9B37-9AF08A48709C}
	EndGlobalSection
EndGlobal
